{
  "lockfileVersion": 2,
  "configVersion": 1,
  "workspaces": {
    "": {
      "name": "pi-lazy-loader",
      "dependencies": {
        "jiti": "^2.4.2",
      },
      "peerDependencies": {
        "@earendil-works/pi-agent-core": "*",
        "@earendil-works/pi-ai": "*",
        "@earendil-works/pi-coding-agent": "*",
        "@earendil-works/pi-tui": "*",
        "typebox": "*",
      },
      "optionalPeers": [
        "@earendil-works/pi-agent-core",
        "@earendil-works/pi-ai",
        "@earendil-works/pi-coding-agent",
        "@earendil-works/pi-tui",
        "typebox",
      ],
    },
  },
  "packages": {
    "jiti": ["jiti@2.7.0", "", { "bin": { "jiti": "lib/jiti-cli.mjs" } }, "sha512-AC/7JofJvZGrrneWNaEnJeOLUx+JlGt7tNa0wZiRPT4MY1wmfKjt2+6O2p2uz2+skll8OZZmJMNqeke7kKbNgQ=="],
  }
}
